
Microsoft Visual Studio Solution File, Format Version 12.00
# Visual Studio Version 16
VisualStudioVersion = 16.0.29709.97
MinimumVisualStudioVersion = 10.0.40219.1
Project("{2150E333-8FDC-42A3-9474-1A3956D46DE8}") = "Ch01", "Ch01", "{55BB2DED-BA47-4BEE-B47E-6BB84DAEE903}"
EndProject
Project("{8BC9CEB8-8B4A-11D0-8D11-00A0C91BC942}") = "01 FirstApp", "FirstApp\FirstApp.vcxproj", "{48A2E1C7-8D25-44D1-8BDE-791F63BFE1C6}"
EndProject
Project("{8BC9CEB8-8B4A-11D0-8D11-00A0C91BC942}") = "02 TemplateTest", "TemplateTest\TemplateTest.vcxproj", "{71BBAD41-D561-4442-BA67-20019167F19A}"
EndProject
Project("{2150E333-8FDC-42A3-9474-1A3956D46DE8}") = "Ch02", "Ch02", "{A5D4FF5B-727B-474C-88F6-267266C35D29}"
EndProject
Project("{8BC9CEB8-8B4A-11D0-8D11-00A0C91BC942}") = "01 EscapeTest", "EscapeTest\EscapeTest.vcxproj", "{7E3B9778-0701-40A7-BFD9-22EF84DF773C}"
EndProject
Project("{8BC9CEB8-8B4A-11D0-8D11-00A0C91BC942}") = "02 IntAndFloatTest", "IntAndFloatTest\IntAndFloatTest.vcxproj", "{3FEC405D-5A07-4915-9346-8A8349827F26}"
EndProject
Project("{8BC9CEB8-8B4A-11D0-8D11-00A0C91BC942}") = "03 CharAndString", "CharAndString\CharAndString.vcxproj", "{7A20DC3D-C48A-4C3C-B37E-E7D24F314EFE}"
EndProject
Project("{2150E333-8FDC-42A3-9474-1A3956D46DE8}") = "Ch03", "Ch03", "{B27713A2-05EB-4CF3-942F-D0C2512A6B1E}"
EndProject
Project("{2150E333-8FDC-42A3-9474-1A3956D46DE8}") = "Ch04", "Ch04", "{278D3022-DF62-4B3A-BACE-F7F57A22BFA0}"
EndProject
Project("{8BC9CEB8-8B4A-11D0-8D11-00A0C91BC942}") = "01 VarTest", "VarTest\VarTest.vcxproj", "{9B3E3D8F-625C-46BB-BE84-C0286EF4F6CE}"
EndProject
Project("{8BC9CEB8-8B4A-11D0-8D11-00A0C91BC942}") = "02 StringTest", "StringTest\StringTest.vcxproj", "{BBC98B72-0D49-441B-AD9E-1B0E2803F364}"
EndProject
Project("{8BC9CEB8-8B4A-11D0-8D11-00A0C91BC942}") = "03 InputTest", "InputTest\InputTest.vcxproj", "{9F4813E6-8EE4-49FF-B199-15EC6DE18887}"
EndProject
Project("{8BC9CEB8-8B4A-11D0-8D11-00A0C91BC942}") = "01 DivideTest", "DivideTest\DivideTest.vcxproj", "{9A6C14A8-E9BE-4B45-AF2A-C3E26315CB9F}"
EndProject
Project("{8BC9CEB8-8B4A-11D0-8D11-00A0C91BC942}") = "02 OperatorTest", "OperatorTest\OperatorTest.vcxproj", "{7C8053FC-B0E2-4892-823F-0F5A487C0431}"
EndProject
Project("{8BC9CEB8-8B4A-11D0-8D11-00A0C91BC942}") = "03 CastTest", "CastTest\CastTest.vcxproj", "{6F1812CD-95C4-4E23-846D-5CEFB6207329}"
EndProject
Project("{8BC9CEB8-8B4A-11D0-8D11-00A0C91BC942}") = "04 OpTestApp", "OpTestApp\OpTestApp.vcxproj", "{130D9D3D-8B0A-4072-99BE-D09FF1CB6554}"
EndProject
Project("{2150E333-8FDC-42A3-9474-1A3956D46DE8}") = "Ch05", "Ch05", "{811BA946-9B4A-43A5-BFB6-0B042120E934}"
EndProject
Project("{8BC9CEB8-8B4A-11D0-8D11-00A0C91BC942}") = "01 IfTestApp", "IfTestApp\IfTestApp.vcxproj", "{5E06ED61-2611-4F86-AFFE-C928BB78637C}"
EndProject
Project("{2150E333-8FDC-42A3-9474-1A3956D46DE8}") = "Study", "Study", "{2A40BBCC-E664-41DE-BD88-23A6A142F4CE}"
EndProject
Project("{8BC9CEB8-8B4A-11D0-8D11-00A0C91BC942}") = "study1", "study1\study1.vcxproj", "{53FC588B-94C3-4106-A19E-DF15B636F99D}"
EndProject
Project("{8BC9CEB8-8B4A-11D0-8D11-00A0C91BC942}") = "02 SwitchTest", "SwitchTest\SwitchTest.vcxproj", "{0EB0CE90-E2A5-47DE-83F8-AC71D0FA55E2}"
EndProject
Project("{2150E333-8FDC-42A3-9474-1A3956D46DE8}") = "Ch06", "Ch06", "{55F3C782-80DC-4E36-85C0-30EE04F243FE}"
EndProject
Project("{8BC9CEB8-8B4A-11D0-8D11-00A0C91BC942}") = "01 WhileTest", "WhileTest\WhileTest.vcxproj", "{77DA515B-D42F-4952-BFF1-0B7D9AA90D94}"
EndProject
Project("{8BC9CEB8-8B4A-11D0-8D11-00A0C91BC942}") = "02 RepeatTest", "RepeatTest\RepeatTest.vcxproj", "{04A24DEF-319D-40E9-A0D8-84D99A7C8BA6}"
EndProject
Project("{2150E333-8FDC-42A3-9474-1A3956D46DE8}") = "Ch07", "Ch07", "{A73270F8-7861-4AA2-AD7D-6FD967738520}"
EndProject
Project("{2150E333-8FDC-42A3-9474-1A3956D46DE8}") = "Ch08", "Ch08", "{E8D0654D-C6AB-4834-9541-8E62A7556BB4}"
EndProject
Project("{2150E333-8FDC-42A3-9474-1A3956D46DE8}") = "Ch09", "Ch09", "{33C4191F-ABE9-4209-A618-ABBCC7858FC6}"
EndProject
Project("{8BC9CEB8-8B4A-11D0-8D11-00A0C91BC942}") = "01 PointerTestApp", "PointerTestApp\PointerTestApp.vcxproj", "{52C29965-0004-4328-9CD0-831098F544E2}"
EndProject
Project("{8BC9CEB8-8B4A-11D0-8D11-00A0C91BC942}") = "01 FunctionTest", "FunctionTest\FunctionTest.vcxproj", "{6C08FB91-E672-4CFD-9DC4-71C6A4409398}"
EndProject
Project("{8BC9CEB8-8B4A-11D0-8D11-00A0C91BC942}") = "02 FunctionTestApp", "FunctionTestApp\FunctionTestApp.vcxproj", "{76509FB3-04FA-47DC-A29C-BC374338046F}"
EndProject
Project("{8BC9CEB8-8B4A-11D0-8D11-00A0C91BC942}") = "03 RepeatFunction", "RepeatFunction\RepeatFunction.vcxproj", "{7F36DD5D-1198-4A67-8583-74F237EBE9BB}"
EndProject
Project("{8BC9CEB8-8B4A-11D0-8D11-00A0C91BC942}") = "01 ArrayTest", "ArrayTest\ArrayTest.vcxproj", "{06B146FF-41AD-4918-8971-AD8F8D145B18}"
EndProject
Project("{8BC9CEB8-8B4A-11D0-8D11-00A0C91BC942}") = "02 ArrayChar", "ArrayChar\ArrayChar.vcxproj", "{F16482CC-89D0-4B78-A8A8-65AA2876C0E3}"
EndProject
Project("{8BC9CEB8-8B4A-11D0-8D11-00A0C91BC942}") = "02 PointerTest", "PointerTest\PointerTest.vcxproj", "{16106E4D-9ECF-4F31-84E4-1925C6A78727}"
EndProject
Project("{8BC9CEB8-8B4A-11D0-8D11-00A0C91BC942}") = "03 SwapPointerTest", "SwapPointerTest\SwapPointerTest.vcxproj", "{5DC93D85-F840-45D5-97F5-90DF1628F44C}"
EndProject
Project("{2150E333-8FDC-42A3-9474-1A3956D46DE8}") = "Ch10", "Ch10", "{D02F3DAC-1A45-4AEE-A7EE-8D8D7626674E}"
EndProject
Project("{8BC9CEB8-8B4A-11D0-8D11-00A0C91BC942}") = "01 ArrPtrTestApp", "ArrPtrTestApp\ArrPtrTestApp.vcxproj", "{06F14D54-0409-469B-B355-87ACBCF7E2B2}"
EndProject
Project("{8BC9CEB8-8B4A-11D0-8D11-00A0C91BC942}") = "02 ArrFuncTest", "ArrFuncTest\ArrFuncTest.vcxproj", "{A7A498C5-1D16-4B3E-816F-3F07C2AE84B5}"
EndProject
Project("{8BC9CEB8-8B4A-11D0-8D11-00A0C91BC942}") = "03 FindMaxApp", "FindMaxApp\FindMaxApp.vcxproj", "{5F6E487D-22BA-4F19-A4CD-84CC0213881C}"
EndProject
Project("{2150E333-8FDC-42A3-9474-1A3956D46DE8}") = "Ch11", "Ch11", "{170C1730-E673-42BF-8687-B8789088FB5C}"
EndProject
Global
	GlobalSection(SolutionConfigurationPlatforms) = preSolution
		Debug|x64 = Debug|x64
		Debug|x86 = Debug|x86
		Release|x64 = Release|x64
		Release|x86 = Release|x86
	EndGlobalSection
	GlobalSection(ProjectConfigurationPlatforms) = postSolution
		{48A2E1C7-8D25-44D1-8BDE-791F63BFE1C6}.Debug|x64.ActiveCfg = Debug|x64
		{48A2E1C7-8D25-44D1-8BDE-791F63BFE1C6}.Debug|x64.Build.0 = Debug|x64
		{48A2E1C7-8D25-44D1-8BDE-791F63BFE1C6}.Debug|x86.ActiveCfg = Debug|Win32
		{48A2E1C7-8D25-44D1-8BDE-791F63BFE1C6}.Debug|x86.Build.0 = Debug|Win32
		{48A2E1C7-8D25-44D1-8BDE-791F63BFE1C6}.Release|x64.ActiveCfg = Release|x64
		{48A2E1C7-8D25-44D1-8BDE-791F63BFE1C6}.Release|x64.Build.0 = Release|x64
		{48A2E1C7-8D25-44D1-8BDE-791F63BFE1C6}.Release|x86.ActiveCfg = Release|Win32
		{48A2E1C7-8D25-44D1-8BDE-791F63BFE1C6}.Release|x86.Build.0 = Release|Win32
		{71BBAD41-D561-4442-BA67-20019167F19A}.Debug|x64.ActiveCfg = Debug|x64
		{71BBAD41-D561-4442-BA67-20019167F19A}.Debug|x64.Build.0 = Debug|x64
		{71BBAD41-D561-4442-BA67-20019167F19A}.Debug|x86.ActiveCfg = Debug|Win32
		{71BBAD41-D561-4442-BA67-20019167F19A}.Debug|x86.Build.0 = Debug|Win32
		{71BBAD41-D561-4442-BA67-20019167F19A}.Release|x64.ActiveCfg = Release|x64
		{71BBAD41-D561-4442-BA67-20019167F19A}.Release|x64.Build.0 = Release|x64
		{71BBAD41-D561-4442-BA67-20019167F19A}.Release|x86.ActiveCfg = Release|Win32
		{71BBAD41-D561-4442-BA67-20019167F19A}.Release|x86.Build.0 = Release|Win32
		{7E3B9778-0701-40A7-BFD9-22EF84DF773C}.Debug|x64.ActiveCfg = Debug|x64
		{7E3B9778-0701-40A7-BFD9-22EF84DF773C}.Debug|x64.Build.0 = Debug|x64
		{7E3B9778-0701-40A7-BFD9-22EF84DF773C}.Debug|x86.ActiveCfg = Debug|Win32
		{7E3B9778-0701-40A7-BFD9-22EF84DF773C}.Debug|x86.Build.0 = Debug|Win32
		{7E3B9778-0701-40A7-BFD9-22EF84DF773C}.Release|x64.ActiveCfg = Release|x64
		{7E3B9778-0701-40A7-BFD9-22EF84DF773C}.Release|x64.Build.0 = Release|x64
		{7E3B9778-0701-40A7-BFD9-22EF84DF773C}.Release|x86.ActiveCfg = Release|Win32
		{7E3B9778-0701-40A7-BFD9-22EF84DF773C}.Release|x86.Build.0 = Release|Win32
		{3FEC405D-5A07-4915-9346-8A8349827F26}.Debug|x64.ActiveCfg = Debug|x64
		{3FEC405D-5A07-4915-9346-8A8349827F26}.Debug|x64.Build.0 = Debug|x64
		{3FEC405D-5A07-4915-9346-8A8349827F26}.Debug|x86.ActiveCfg = Debug|Win32
		{3FEC405D-5A07-4915-9346-8A8349827F26}.Debug|x86.Build.0 = Debug|Win32
		{3FEC405D-5A07-4915-9346-8A8349827F26}.Release|x64.ActiveCfg = Release|x64
		{3FEC405D-5A07-4915-9346-8A8349827F26}.Release|x64.Build.0 = Release|x64
		{3FEC405D-5A07-4915-9346-8A8349827F26}.Release|x86.ActiveCfg = Release|Win32
		{3FEC405D-5A07-4915-9346-8A8349827F26}.Release|x86.Build.0 = Release|Win32
		{7A20DC3D-C48A-4C3C-B37E-E7D24F314EFE}.Debug|x64.ActiveCfg = Debug|x64
		{7A20DC3D-C48A-4C3C-B37E-E7D24F314EFE}.Debug|x64.Build.0 = Debug|x64
		{7A20DC3D-C48A-4C3C-B37E-E7D24F314EFE}.Debug|x86.ActiveCfg = Debug|Win32
		{7A20DC3D-C48A-4C3C-B37E-E7D24F314EFE}.Debug|x86.Build.0 = Debug|Win32
		{7A20DC3D-C48A-4C3C-B37E-E7D24F314EFE}.Release|x64.ActiveCfg = Release|x64
		{7A20DC3D-C48A-4C3C-B37E-E7D24F314EFE}.Release|x64.Build.0 = Release|x64
		{7A20DC3D-C48A-4C3C-B37E-E7D24F314EFE}.Release|x86.ActiveCfg = Release|Win32
		{7A20DC3D-C48A-4C3C-B37E-E7D24F314EFE}.Release|x86.Build.0 = Release|Win32
		{9B3E3D8F-625C-46BB-BE84-C0286EF4F6CE}.Debug|x64.ActiveCfg = Debug|x64
		{9B3E3D8F-625C-46BB-BE84-C0286EF4F6CE}.Debug|x64.Build.0 = Debug|x64
		{9B3E3D8F-625C-46BB-BE84-C0286EF4F6CE}.Debug|x86.ActiveCfg = Debug|Win32
		{9B3E3D8F-625C-46BB-BE84-C0286EF4F6CE}.Debug|x86.Build.0 = Debug|Win32
		{9B3E3D8F-625C-46BB-BE84-C0286EF4F6CE}.Release|x64.ActiveCfg = Release|x64
		{9B3E3D8F-625C-46BB-BE84-C0286EF4F6CE}.Release|x64.Build.0 = Release|x64
		{9B3E3D8F-625C-46BB-BE84-C0286EF4F6CE}.Release|x86.ActiveCfg = Release|Win32
		{9B3E3D8F-625C-46BB-BE84-C0286EF4F6CE}.Release|x86.Build.0 = Release|Win32
		{BBC98B72-0D49-441B-AD9E-1B0E2803F364}.Debug|x64.ActiveCfg = Debug|x64
		{BBC98B72-0D49-441B-AD9E-1B0E2803F364}.Debug|x64.Build.0 = Debug|x64
		{BBC98B72-0D49-441B-AD9E-1B0E2803F364}.Debug|x86.ActiveCfg = Debug|Win32
		{BBC98B72-0D49-441B-AD9E-1B0E2803F364}.Debug|x86.Build.0 = Debug|Win32
		{BBC98B72-0D49-441B-AD9E-1B0E2803F364}.Release|x64.ActiveCfg = Release|x64
		{BBC98B72-0D49-441B-AD9E-1B0E2803F364}.Release|x64.Build.0 = Release|x64
		{BBC98B72-0D49-441B-AD9E-1B0E2803F364}.Release|x86.ActiveCfg = Release|Win32
		{BBC98B72-0D49-441B-AD9E-1B0E2803F364}.Release|x86.Build.0 = Release|Win32
		{9F4813E6-8EE4-49FF-B199-15EC6DE18887}.Debug|x64.ActiveCfg = Debug|x64
		{9F4813E6-8EE4-49FF-B199-15EC6DE18887}.Debug|x64.Build.0 = Debug|x64
		{9F4813E6-8EE4-49FF-B199-15EC6DE18887}.Debug|x86.ActiveCfg = Debug|Win32
		{9F4813E6-8EE4-49FF-B199-15EC6DE18887}.Debug|x86.Build.0 = Debug|Win32
		{9F4813E6-8EE4-49FF-B199-15EC6DE18887}.Release|x64.ActiveCfg = Release|x64
		{9F4813E6-8EE4-49FF-B199-15EC6DE18887}.Release|x64.Build.0 = Release|x64
		{9F4813E6-8EE4-49FF-B199-15EC6DE18887}.Release|x86.ActiveCfg = Release|Win32
		{9F4813E6-8EE4-49FF-B199-15EC6DE18887}.Release|x86.Build.0 = Release|Win32
		{9A6C14A8-E9BE-4B45-AF2A-C3E26315CB9F}.Debug|x64.ActiveCfg = Debug|x64
		{9A6C14A8-E9BE-4B45-AF2A-C3E26315CB9F}.Debug|x64.Build.0 = Debug|x64
		{9A6C14A8-E9BE-4B45-AF2A-C3E26315CB9F}.Debug|x86.ActiveCfg = Debug|Win32
		{9A6C14A8-E9BE-4B45-AF2A-C3E26315CB9F}.Debug|x86.Build.0 = Debug|Win32
		{9A6C14A8-E9BE-4B45-AF2A-C3E26315CB9F}.Release|x64.ActiveCfg = Release|x64
		{9A6C14A8-E9BE-4B45-AF2A-C3E26315CB9F}.Release|x64.Build.0 = Release|x64
		{9A6C14A8-E9BE-4B45-AF2A-C3E26315CB9F}.Release|x86.ActiveCfg = Release|Win32
		{9A6C14A8-E9BE-4B45-AF2A-C3E26315CB9F}.Release|x86.Build.0 = Release|Win32
		{7C8053FC-B0E2-4892-823F-0F5A487C0431}.Debug|x64.ActiveCfg = Debug|x64
		{7C8053FC-B0E2-4892-823F-0F5A487C0431}.Debug|x64.Build.0 = Debug|x64
		{7C8053FC-B0E2-4892-823F-0F5A487C0431}.Debug|x86.ActiveCfg = Debug|Win32
		{7C8053FC-B0E2-4892-823F-0F5A487C0431}.Debug|x86.Build.0 = Debug|Win32
		{7C8053FC-B0E2-4892-823F-0F5A487C0431}.Release|x64.ActiveCfg = Release|x64
		{7C8053FC-B0E2-4892-823F-0F5A487C0431}.Release|x64.Build.0 = Release|x64
		{7C8053FC-B0E2-4892-823F-0F5A487C0431}.Release|x86.ActiveCfg = Release|Win32
		{7C8053FC-B0E2-4892-823F-0F5A487C0431}.Release|x86.Build.0 = Release|Win32
		{6F1812CD-95C4-4E23-846D-5CEFB6207329}.Debug|x64.ActiveCfg = Debug|x64
		{6F1812CD-95C4-4E23-846D-5CEFB6207329}.Debug|x64.Build.0 = Debug|x64
		{6F1812CD-95C4-4E23-846D-5CEFB6207329}.Debug|x86.ActiveCfg = Debug|Win32
		{6F1812CD-95C4-4E23-846D-5CEFB6207329}.Debug|x86.Build.0 = Debug|Win32
		{6F1812CD-95C4-4E23-846D-5CEFB6207329}.Release|x64.ActiveCfg = Release|x64
		{6F1812CD-95C4-4E23-846D-5CEFB6207329}.Release|x64.Build.0 = Release|x64
		{6F1812CD-95C4-4E23-846D-5CEFB6207329}.Release|x86.ActiveCfg = Release|Win32
		{6F1812CD-95C4-4E23-846D-5CEFB6207329}.Release|x86.Build.0 = Release|Win32
		{130D9D3D-8B0A-4072-99BE-D09FF1CB6554}.Debug|x64.ActiveCfg = Debug|x64
		{130D9D3D-8B0A-4072-99BE-D09FF1CB6554}.Debug|x64.Build.0 = Debug|x64
		{130D9D3D-8B0A-4072-99BE-D09FF1CB6554}.Debug|x86.ActiveCfg = Debug|Win32
		{130D9D3D-8B0A-4072-99BE-D09FF1CB6554}.Debug|x86.Build.0 = Debug|Win32
		{130D9D3D-8B0A-4072-99BE-D09FF1CB6554}.Release|x64.ActiveCfg = Release|x64
		{130D9D3D-8B0A-4072-99BE-D09FF1CB6554}.Release|x64.Build.0 = Release|x64
		{130D9D3D-8B0A-4072-99BE-D09FF1CB6554}.Release|x86.ActiveCfg = Release|Win32
		{130D9D3D-8B0A-4072-99BE-D09FF1CB6554}.Release|x86.Build.0 = Release|Win32
		{5E06ED61-2611-4F86-AFFE-C928BB78637C}.Debug|x64.ActiveCfg = Debug|x64
		{5E06ED61-2611-4F86-AFFE-C928BB78637C}.Debug|x64.Build.0 = Debug|x64
		{5E06ED61-2611-4F86-AFFE-C928BB78637C}.Debug|x86.ActiveCfg = Debug|Win32
		{5E06ED61-2611-4F86-AFFE-C928BB78637C}.Debug|x86.Build.0 = Debug|Win32
		{5E06ED61-2611-4F86-AFFE-C928BB78637C}.Release|x64.ActiveCfg = Release|x64
		{5E06ED61-2611-4F86-AFFE-C928BB78637C}.Release|x64.Build.0 = Release|x64
		{5E06ED61-2611-4F86-AFFE-C928BB78637C}.Release|x86.ActiveCfg = Release|Win32
		{5E06ED61-2611-4F86-AFFE-C928BB78637C}.Release|x86.Build.0 = Release|Win32
		{53FC588B-94C3-4106-A19E-DF15B636F99D}.Debug|x64.ActiveCfg = Debug|x64
		{53FC588B-94C3-4106-A19E-DF15B636F99D}.Debug|x64.Build.0 = Debug|x64
		{53FC588B-94C3-4106-A19E-DF15B636F99D}.Debug|x86.ActiveCfg = Debug|Win32
		{53FC588B-94C3-4106-A19E-DF15B636F99D}.Debug|x86.Build.0 = Debug|Win32
		{53FC588B-94C3-4106-A19E-DF15B636F99D}.Release|x64.ActiveCfg = Release|x64
		{53FC588B-94C3-4106-A19E-DF15B636F99D}.Release|x64.Build.0 = Release|x64
		{53FC588B-94C3-4106-A19E-DF15B636F99D}.Release|x86.ActiveCfg = Release|Win32
		{53FC588B-94C3-4106-A19E-DF15B636F99D}.Release|x86.Build.0 = Release|Win32
		{0EB0CE90-E2A5-47DE-83F8-AC71D0FA55E2}.Debug|x64.ActiveCfg = Debug|x64
		{0EB0CE90-E2A5-47DE-83F8-AC71D0FA55E2}.Debug|x64.Build.0 = Debug|x64
		{0EB0CE90-E2A5-47DE-83F8-AC71D0FA55E2}.Debug|x86.ActiveCfg = Debug|Win32
		{0EB0CE90-E2A5-47DE-83F8-AC71D0FA55E2}.Debug|x86.Build.0 = Debug|Win32
		{0EB0CE90-E2A5-47DE-83F8-AC71D0FA55E2}.Release|x64.ActiveCfg = Release|x64
		{0EB0CE90-E2A5-47DE-83F8-AC71D0FA55E2}.Release|x64.Build.0 = Release|x64
		{0EB0CE90-E2A5-47DE-83F8-AC71D0FA55E2}.Release|x86.ActiveCfg = Release|Win32
		{0EB0CE90-E2A5-47DE-83F8-AC71D0FA55E2}.Release|x86.Build.0 = Release|Win32
		{77DA515B-D42F-4952-BFF1-0B7D9AA90D94}.Debug|x64.ActiveCfg = Debug|x64
		{77DA515B-D42F-4952-BFF1-0B7D9AA90D94}.Debug|x64.Build.0 = Debug|x64
		{77DA515B-D42F-4952-BFF1-0B7D9AA90D94}.Debug|x86.ActiveCfg = Debug|Win32
		{77DA515B-D42F-4952-BFF1-0B7D9AA90D94}.Debug|x86.Build.0 = Debug|Win32
		{77DA515B-D42F-4952-BFF1-0B7D9AA90D94}.Release|x64.ActiveCfg = Release|x64
		{77DA515B-D42F-4952-BFF1-0B7D9AA90D94}.Release|x64.Build.0 = Release|x64
		{77DA515B-D42F-4952-BFF1-0B7D9AA90D94}.Release|x86.ActiveCfg = Release|Win32
		{77DA515B-D42F-4952-BFF1-0B7D9AA90D94}.Release|x86.Build.0 = Release|Win32
		{04A24DEF-319D-40E9-A0D8-84D99A7C8BA6}.Debug|x64.ActiveCfg = Debug|x64
		{04A24DEF-319D-40E9-A0D8-84D99A7C8BA6}.Debug|x64.Build.0 = Debug|x64
		{04A24DEF-319D-40E9-A0D8-84D99A7C8BA6}.Debug|x86.ActiveCfg = Debug|Win32
		{04A24DEF-319D-40E9-A0D8-84D99A7C8BA6}.Debug|x86.Build.0 = Debug|Win32
		{04A24DEF-319D-40E9-A0D8-84D99A7C8BA6}.Release|x64.ActiveCfg = Release|x64
		{04A24DEF-319D-40E9-A0D8-84D99A7C8BA6}.Release|x64.Build.0 = Release|x64
		{04A24DEF-319D-40E9-A0D8-84D99A7C8BA6}.Release|x86.ActiveCfg = Release|Win32
		{04A24DEF-319D-40E9-A0D8-84D99A7C8BA6}.Release|x86.Build.0 = Release|Win32
		{52C29965-0004-4328-9CD0-831098F544E2}.Debug|x64.ActiveCfg = Debug|x64
		{52C29965-0004-4328-9CD0-831098F544E2}.Debug|x64.Build.0 = Debug|x64
		{52C29965-0004-4328-9CD0-831098F544E2}.Debug|x86.ActiveCfg = Debug|Win32
		{52C29965-0004-4328-9CD0-831098F544E2}.Debug|x86.Build.0 = Debug|Win32
		{52C29965-0004-4328-9CD0-831098F544E2}.Release|x64.ActiveCfg = Release|x64
		{52C29965-0004-4328-9CD0-831098F544E2}.Release|x64.Build.0 = Release|x64
		{52C29965-0004-4328-9CD0-831098F544E2}.Release|x86.ActiveCfg = Release|Win32
		{52C29965-0004-4328-9CD0-831098F544E2}.Release|x86.Build.0 = Release|Win32
		{6C08FB91-E672-4CFD-9DC4-71C6A4409398}.Debug|x64.ActiveCfg = Debug|x64
		{6C08FB91-E672-4CFD-9DC4-71C6A4409398}.Debug|x64.Build.0 = Debug|x64
		{6C08FB91-E672-4CFD-9DC4-71C6A4409398}.Debug|x86.ActiveCfg = Debug|Win32
		{6C08FB91-E672-4CFD-9DC4-71C6A4409398}.Debug|x86.Build.0 = Debug|Win32
		{6C08FB91-E672-4CFD-9DC4-71C6A4409398}.Release|x64.ActiveCfg = Release|x64
		{6C08FB91-E672-4CFD-9DC4-71C6A4409398}.Release|x64.Build.0 = Release|x64
		{6C08FB91-E672-4CFD-9DC4-71C6A4409398}.Release|x86.ActiveCfg = Release|Win32
		{6C08FB91-E672-4CFD-9DC4-71C6A4409398}.Release|x86.Build.0 = Release|Win32
		{76509FB3-04FA-47DC-A29C-BC374338046F}.Debug|x64.ActiveCfg = Debug|x64
		{76509FB3-04FA-47DC-A29C-BC374338046F}.Debug|x64.Build.0 = Debug|x64
		{76509FB3-04FA-47DC-A29C-BC374338046F}.Debug|x86.ActiveCfg = Debug|Win32
		{76509FB3-04FA-47DC-A29C-BC374338046F}.Debug|x86.Build.0 = Debug|Win32
		{76509FB3-04FA-47DC-A29C-BC374338046F}.Release|x64.ActiveCfg = Release|x64
		{76509FB3-04FA-47DC-A29C-BC374338046F}.Release|x64.Build.0 = Release|x64
		{76509FB3-04FA-47DC-A29C-BC374338046F}.Release|x86.ActiveCfg = Release|Win32
		{76509FB3-04FA-47DC-A29C-BC374338046F}.Release|x86.Build.0 = Release|Win32
		{7F36DD5D-1198-4A67-8583-74F237EBE9BB}.Debug|x64.ActiveCfg = Debug|x64
		{7F36DD5D-1198-4A67-8583-74F237EBE9BB}.Debug|x64.Build.0 = Debug|x64
		{7F36DD5D-1198-4A67-8583-74F237EBE9BB}.Debug|x86.ActiveCfg = Debug|Win32
		{7F36DD5D-1198-4A67-8583-74F237EBE9BB}.Debug|x86.Build.0 = Debug|Win32
		{7F36DD5D-1198-4A67-8583-74F237EBE9BB}.Release|x64.ActiveCfg = Release|x64
		{7F36DD5D-1198-4A67-8583-74F237EBE9BB}.Release|x64.Build.0 = Release|x64
		{7F36DD5D-1198-4A67-8583-74F237EBE9BB}.Release|x86.ActiveCfg = Release|Win32
		{7F36DD5D-1198-4A67-8583-74F237EBE9BB}.Release|x86.Build.0 = Release|Win32
		{06B146FF-41AD-4918-8971-AD8F8D145B18}.Debug|x64.ActiveCfg = Debug|x64
		{06B146FF-41AD-4918-8971-AD8F8D145B18}.Debug|x64.Build.0 = Debug|x64
		{06B146FF-41AD-4918-8971-AD8F8D145B18}.Debug|x86.ActiveCfg = Debug|Win32
		{06B146FF-41AD-4918-8971-AD8F8D145B18}.Debug|x86.Build.0 = Debug|Win32
		{06B146FF-41AD-4918-8971-AD8F8D145B18}.Release|x64.ActiveCfg = Release|x64
		{06B146FF-41AD-4918-8971-AD8F8D145B18}.Release|x64.Build.0 = Release|x64
		{06B146FF-41AD-4918-8971-AD8F8D145B18}.Release|x86.ActiveCfg = Release|Win32
		{06B146FF-41AD-4918-8971-AD8F8D145B18}.Release|x86.Build.0 = Release|Win32
		{F16482CC-89D0-4B78-A8A8-65AA2876C0E3}.Debug|x64.ActiveCfg = Debug|x64
		{F16482CC-89D0-4B78-A8A8-65AA2876C0E3}.Debug|x64.Build.0 = Debug|x64
		{F16482CC-89D0-4B78-A8A8-65AA2876C0E3}.Debug|x86.ActiveCfg = Debug|Win32
		{F16482CC-89D0-4B78-A8A8-65AA2876C0E3}.Debug|x86.Build.0 = Debug|Win32
		{F16482CC-89D0-4B78-A8A8-65AA2876C0E3}.Release|x64.ActiveCfg = Release|x64
		{F16482CC-89D0-4B78-A8A8-65AA2876C0E3}.Release|x64.Build.0 = Release|x64
		{F16482CC-89D0-4B78-A8A8-65AA2876C0E3}.Release|x86.ActiveCfg = Release|Win32
		{F16482CC-89D0-4B78-A8A8-65AA2876C0E3}.Release|x86.Build.0 = Release|Win32
		{16106E4D-9ECF-4F31-84E4-1925C6A78727}.Debug|x64.ActiveCfg = Debug|x64
		{16106E4D-9ECF-4F31-84E4-1925C6A78727}.Debug|x64.Build.0 = Debug|x64
		{16106E4D-9ECF-4F31-84E4-1925C6A78727}.Debug|x86.ActiveCfg = Debug|Win32
		{16106E4D-9ECF-4F31-84E4-1925C6A78727}.Debug|x86.Build.0 = Debug|Win32
		{16106E4D-9ECF-4F31-84E4-1925C6A78727}.Release|x64.ActiveCfg = Release|x64
		{16106E4D-9ECF-4F31-84E4-1925C6A78727}.Release|x64.Build.0 = Release|x64
		{16106E4D-9ECF-4F31-84E4-1925C6A78727}.Release|x86.ActiveCfg = Release|Win32
		{16106E4D-9ECF-4F31-84E4-1925C6A78727}.Release|x86.Build.0 = Release|Win32
		{5DC93D85-F840-45D5-97F5-90DF1628F44C}.Debug|x64.ActiveCfg = Debug|x64
		{5DC93D85-F840-45D5-97F5-90DF1628F44C}.Debug|x64.Build.0 = Debug|x64
		{5DC93D85-F840-45D5-97F5-90DF1628F44C}.Debug|x86.ActiveCfg = Debug|Win32
		{5DC93D85-F840-45D5-97F5-90DF1628F44C}.Debug|x86.Build.0 = Debug|Win32
		{5DC93D85-F840-45D5-97F5-90DF1628F44C}.Release|x64.ActiveCfg = Release|x64
		{5DC93D85-F840-45D5-97F5-90DF1628F44C}.Release|x64.Build.0 = Release|x64
		{5DC93D85-F840-45D5-97F5-90DF1628F44C}.Release|x86.ActiveCfg = Release|Win32
		{5DC93D85-F840-45D5-97F5-90DF1628F44C}.Release|x86.Build.0 = Release|Win32
		{06F14D54-0409-469B-B355-87ACBCF7E2B2}.Debug|x64.ActiveCfg = Debug|x64
		{06F14D54-0409-469B-B355-87ACBCF7E2B2}.Debug|x64.Build.0 = Debug|x64
		{06F14D54-0409-469B-B355-87ACBCF7E2B2}.Debug|x86.ActiveCfg = Debug|Win32
		{06F14D54-0409-469B-B355-87ACBCF7E2B2}.Debug|x86.Build.0 = Debug|Win32
		{06F14D54-0409-469B-B355-87ACBCF7E2B2}.Release|x64.ActiveCfg = Release|x64
		{06F14D54-0409-469B-B355-87ACBCF7E2B2}.Release|x64.Build.0 = Release|x64
		{06F14D54-0409-469B-B355-87ACBCF7E2B2}.Release|x86.ActiveCfg = Release|Win32
		{06F14D54-0409-469B-B355-87ACBCF7E2B2}.Release|x86.Build.0 = Release|Win32
		{A7A498C5-1D16-4B3E-816F-3F07C2AE84B5}.Debug|x64.ActiveCfg = Debug|x64
		{A7A498C5-1D16-4B3E-816F-3F07C2AE84B5}.Debug|x64.Build.0 = Debug|x64
		{A7A498C5-1D16-4B3E-816F-3F07C2AE84B5}.Debug|x86.ActiveCfg = Debug|Win32
		{A7A498C5-1D16-4B3E-816F-3F07C2AE84B5}.Debug|x86.Build.0 = Debug|Win32
		{A7A498C5-1D16-4B3E-816F-3F07C2AE84B5}.Release|x64.ActiveCfg = Release|x64
		{A7A498C5-1D16-4B3E-816F-3F07C2AE84B5}.Release|x64.Build.0 = Release|x64
		{A7A498C5-1D16-4B3E-816F-3F07C2AE84B5}.Release|x86.ActiveCfg = Release|Win32
		{A7A498C5-1D16-4B3E-816F-3F07C2AE84B5}.Release|x86.Build.0 = Release|Win32
		{5F6E487D-22BA-4F19-A4CD-84CC0213881C}.Debug|x64.ActiveCfg = Debug|x64
		{5F6E487D-22BA-4F19-A4CD-84CC0213881C}.Debug|x64.Build.0 = Debug|x64
		{5F6E487D-22BA-4F19-A4CD-84CC0213881C}.Debug|x86.ActiveCfg = Debug|Win32
		{5F6E487D-22BA-4F19-A4CD-84CC0213881C}.Debug|x86.Build.0 = Debug|Win32
		{5F6E487D-22BA-4F19-A4CD-84CC0213881C}.Release|x64.ActiveCfg = Release|x64
		{5F6E487D-22BA-4F19-A4CD-84CC0213881C}.Release|x64.Build.0 = Release|x64
		{5F6E487D-22BA-4F19-A4CD-84CC0213881C}.Release|x86.ActiveCfg = Release|Win32
		{5F6E487D-22BA-4F19-A4CD-84CC0213881C}.Release|x86.Build.0 = Release|Win32
	EndGlobalSection
	GlobalSection(SolutionProperties) = preSolution
		HideSolutionNode = FALSE
	EndGlobalSection
	GlobalSection(NestedProjects) = preSolution
		{48A2E1C7-8D25-44D1-8BDE-791F63BFE1C6} = {55BB2DED-BA47-4BEE-B47E-6BB84DAEE903}
		{71BBAD41-D561-4442-BA67-20019167F19A} = {55BB2DED-BA47-4BEE-B47E-6BB84DAEE903}
		{7E3B9778-0701-40A7-BFD9-22EF84DF773C} = {A5D4FF5B-727B-474C-88F6-267266C35D29}
		{3FEC405D-5A07-4915-9346-8A8349827F26} = {A5D4FF5B-727B-474C-88F6-267266C35D29}
		{7A20DC3D-C48A-4C3C-B37E-E7D24F314EFE} = {A5D4FF5B-727B-474C-88F6-267266C35D29}
		{9B3E3D8F-625C-46BB-BE84-C0286EF4F6CE} = {B27713A2-05EB-4CF3-942F-D0C2512A6B1E}
		{BBC98B72-0D49-441B-AD9E-1B0E2803F364} = {B27713A2-05EB-4CF3-942F-D0C2512A6B1E}
		{9F4813E6-8EE4-49FF-B199-15EC6DE18887} = {B27713A2-05EB-4CF3-942F-D0C2512A6B1E}
		{9A6C14A8-E9BE-4B45-AF2A-C3E26315CB9F} = {278D3022-DF62-4B3A-BACE-F7F57A22BFA0}
		{7C8053FC-B0E2-4892-823F-0F5A487C0431} = {278D3022-DF62-4B3A-BACE-F7F57A22BFA0}
		{6F1812CD-95C4-4E23-846D-5CEFB6207329} = {278D3022-DF62-4B3A-BACE-F7F57A22BFA0}
		{130D9D3D-8B0A-4072-99BE-D09FF1CB6554} = {278D3022-DF62-4B3A-BACE-F7F57A22BFA0}
		{5E06ED61-2611-4F86-AFFE-C928BB78637C} = {811BA946-9B4A-43A5-BFB6-0B042120E934}
		{53FC588B-94C3-4106-A19E-DF15B636F99D} = {2A40BBCC-E664-41DE-BD88-23A6A142F4CE}
		{0EB0CE90-E2A5-47DE-83F8-AC71D0FA55E2} = {811BA946-9B4A-43A5-BFB6-0B042120E934}
		{77DA515B-D42F-4952-BFF1-0B7D9AA90D94} = {55F3C782-80DC-4E36-85C0-30EE04F243FE}
		{04A24DEF-319D-40E9-A0D8-84D99A7C8BA6} = {55F3C782-80DC-4E36-85C0-30EE04F243FE}
		{52C29965-0004-4328-9CD0-831098F544E2} = {33C4191F-ABE9-4209-A618-ABBCC7858FC6}
		{6C08FB91-E672-4CFD-9DC4-71C6A4409398} = {A73270F8-7861-4AA2-AD7D-6FD967738520}
		{76509FB3-04FA-47DC-A29C-BC374338046F} = {A73270F8-7861-4AA2-AD7D-6FD967738520}
		{7F36DD5D-1198-4A67-8583-74F237EBE9BB} = {A73270F8-7861-4AA2-AD7D-6FD967738520}
		{06B146FF-41AD-4918-8971-AD8F8D145B18} = {E8D0654D-C6AB-4834-9541-8E62A7556BB4}
		{F16482CC-89D0-4B78-A8A8-65AA2876C0E3} = {E8D0654D-C6AB-4834-9541-8E62A7556BB4}
		{16106E4D-9ECF-4F31-84E4-1925C6A78727} = {33C4191F-ABE9-4209-A618-ABBCC7858FC6}
		{5DC93D85-F840-45D5-97F5-90DF1628F44C} = {33C4191F-ABE9-4209-A618-ABBCC7858FC6}
		{06F14D54-0409-469B-B355-87ACBCF7E2B2} = {D02F3DAC-1A45-4AEE-A7EE-8D8D7626674E}
		{A7A498C5-1D16-4B3E-816F-3F07C2AE84B5} = {D02F3DAC-1A45-4AEE-A7EE-8D8D7626674E}
		{5F6E487D-22BA-4F19-A4CD-84CC0213881C} = {D02F3DAC-1A45-4AEE-A7EE-8D8D7626674E}
	EndGlobalSection
	GlobalSection(ExtensibilityGlobals) = postSolution
		SolutionGuid = {AD90E6E4-2B13-4442-B849-F52AC7911131}
	EndGlobalSection
EndGlobal
